
Microsoft Visual Studio Solution File, Format Version 12.00
# Visual Studio Version 16
VisualStudioVersion = 16.0.32428.217
MinimumVisualStudioVersion = 10.0.40219.1
Project("{FAE04EC0-301F-11D3-BF4B-00C04F79EFBC}") = "Banco de dados-ds", "Banco de dados-ds\Banco de dados-ds.csproj", "{7D39325D-BF6E-44FA-9D0D-48C5D3740A3E}"
EndProject
Global
	GlobalSection(SolutionConfigurationPlatforms) = preSolution
		Debug|Any CPU = Debug|Any CPU
		Release|Any CPU = Release|Any CPU
	EndGlobalSection
	GlobalSection(ProjectConfigurationPlatforms) = postSolution
		{7D39325D-BF6E-44FA-9D0D-48C5D3740A3E}.Debug|Any CPU.ActiveCfg = Debug|Any CPU
		{7D39325D-BF6E-44FA-9D0D-48C5D3740A3E}.Debug|Any CPU.Build.0 = Debug|Any CPU
		{7D39325D-BF6E-44FA-9D0D-48C5D3740A3E}.Release|Any CPU.ActiveCfg = Release|Any CPU
		{7D39325D-BF6E-44FA-9D0D-48C5D3740A3E}.Release|Any CPU.Build.0 = Release|Any CPU
	EndGlobalSection
	GlobalSection(SolutionProperties) = preSolution
		HideSolutionNode = FALSE
	EndGlobalSection
	GlobalSection(ExtensibilityGlobals) = postSolution
		SolutionGuid = {C120CF05-1389-4D25-AE22-1484E3BC6B59}
	EndGlobalSection
EndGlobal
